PODS:
  - audible_mode (1.0.0):
    - Flutter
    - Mute (~> 0.6.0)
  - Flutter (1.0.0)
  - Mute (0.6.0)

DEPENDENCIES:
  - audible_mode (from `.symlinks/plugins/audible_mode/ios`)
  - Flutter (from `Flutter`)

SPEC REPOS:
  trunk:
    - Mute

EXTERNAL SOURCES:
  audible_mode:
    :path: ".symlinks/plugins/audible_mode/ios"
  Flutter:
    :path: Flutter

SPEC CHECKSUMS:
  audible_mode: e4abe8a4f1b516267ba84d3c0be6f1cec55a5dc0
  Flutter: 50d75fe2f02b26cc09d224853bb45737f8b3214a
  Mute: 66213d0aced6a074c7ab88b45ec20a9d54b1b7fb

PODFILE CHECKSUM: aafe91acc616949ddb318b77800a7f51bffa2a4c

COCOAPODS: 1.11.2
