PODS:
  - audible_mode (0.0.1):
    - Flutter
    - Mute (~> 0.6.0)
  - Flutter (1.0.0)
  - Mute (0.6.0)

DEPENDENCIES:
  - audible_mode (from `.symlinks/plugins/audible_mode/ios`)
  - Flutter (from `Flutter`)

SPEC REPOS:
  trunk:
    - Mute

EXTERNAL SOURCES:
  audible_mode:
    :path: ".symlinks/plugins/audible_mode/ios"
  Flutter:
    :path: Flutter

SPEC CHECKSUMS:
  audible_mode: c0a9888a2d93628fb1805316ff8e231b38f0f56f
  Flutter: 434fef37c0980e73bb6479ef766c45957d4b510c
  Mute: 66213d0aced6a074c7ab88b45ec20a9d54b1b7fb

PODFILE CHECKSUM: aafe91acc616949ddb318b77800a7f51bffa2a4c

COCOAPODS: 1.10.1
